
Microsoft Visual Studio Solution File, Format Version 12.00
# Visual Studio Version 17
VisualStudioVersion = 17.3.32901.215
MinimumVisualStudioVersion = 10.0.40219.1
Project("{FAE04EC0-301F-11D3-BF4B-00C04F79EFBC}") = "webAppCroosSS", "webAppCroosSS.csproj", "{046BC8CF-C790-46CF-97CC-88EB2A1A168C}"
EndProject
Global
	GlobalSection(SolutionConfigurationPlatforms) = preSolution
		Debug|Any CPU = Debug|Any CPU
		Release|Any CPU = Release|Any CPU
	EndGlobalSection
	GlobalSection(ProjectConfigurationPlatforms) = postSolution
		{046BC8CF-C790-46CF-97CC-88EB2A1A168C}.Debug|Any CPU.ActiveCfg = Debug|Any CPU
		{046BC8CF-C790-46CF-97CC-88EB2A1A168C}.Debug|Any CPU.Build.0 = Debug|Any CPU
		{046BC8CF-C790-46CF-97CC-88EB2A1A168C}.Release|Any CPU.ActiveCfg = Release|Any CPU
		{046BC8CF-C790-46CF-97CC-88EB2A1A168C}.Release|Any CPU.Build.0 = Release|Any CPU
	EndGlobalSection
	GlobalSection(SolutionProperties) = preSolution
		HideSolutionNode = FALSE
	EndGlobalSection
	GlobalSection(ExtensibilityGlobals) = postSolution
		SolutionGuid = {C261ED53-A3CA-4DF9-A26F-ADD51DDC810E}
	EndGlobalSection
EndGlobal
